
Microsoft Visual Studio Solution File, Format Version 12.00
# Visual Studio Version 17
VisualStudioVersion = 17.10.35013.160
MinimumVisualStudioVersion = 10.0.40219.1
Project("{FAE04EC0-301F-11D3-BF4B-00C04F79EFBC}") = "arrayProgram (old task but with switch case as required)", "arrayProgram (old task but with switch case as required)\arrayProgram (old task but with switch case as required).csproj", "{D6A0C62D-5D95-433A-A883-A12268699DB3}"
EndProject
Global
	GlobalSection(SolutionConfigurationPlatforms) = preSolution
		Debug|Any CPU = Debug|Any CPU
		Release|Any CPU = Release|Any CPU
	EndGlobalSection
	GlobalSection(ProjectConfigurationPlatforms) = postSolution
		{D6A0C62D-5D95-433A-A883-A12268699DB3}.Debug|Any CPU.ActiveCfg = Debug|Any CPU
		{D6A0C62D-5D95-433A-A883-A12268699DB3}.Debug|Any CPU.Build.0 = Debug|Any CPU
		{D6A0C62D-5D95-433A-A883-A12268699DB3}.Release|Any CPU.ActiveCfg = Release|Any CPU
		{D6A0C62D-5D95-433A-A883-A12268699DB3}.Release|Any CPU.Build.0 = Release|Any CPU
	EndGlobalSection
	GlobalSection(SolutionProperties) = preSolution
		HideSolutionNode = FALSE
	EndGlobalSection
	GlobalSection(ExtensibilityGlobals) = postSolution
		SolutionGuid = {FE5A71FE-8828-4316-8196-92A8338566F9}
	EndGlobalSection
EndGlobal
